
Microsoft Visual Studio Solution File, Format Version 12.00
# Visual Studio Version 16
VisualStudioVersion = 16.0.30225.117
MinimumVisualStudioVersion = 10.0.40219.1
Project("{FAE04EC0-301F-11D3-BF4B-00C04F79EFBC}") = "MouseHeatMap", "MouseHeatMap\MouseHeatMap.csproj", "{F98535BC-AB7E-401A-BA3F-D36C965FA61D}"
EndProject
Global
	GlobalSection(SolutionConfigurationPlatforms) = preSolution
		Debug|Any CPU = Debug|Any CPU
		Release|Any CPU = Release|Any CPU
	EndGlobalSection
	GlobalSection(ProjectConfigurationPlatforms) = postSolution
		{F98535BC-AB7E-401A-BA3F-D36C965FA61D}.Debug|Any CPU.ActiveCfg = Debug|Any CPU
		{F98535BC-AB7E-401A-BA3F-D36C965FA61D}.Debug|Any CPU.Build.0 = Debug|Any CPU
		{F98535BC-AB7E-401A-BA3F-D36C965FA61D}.Release|Any CPU.ActiveCfg = Release|Any CPU
		{F98535BC-AB7E-401A-BA3F-D36C965FA61D}.Release|Any CPU.Build.0 = Release|Any CPU
	EndGlobalSection
	GlobalSection(SolutionProperties) = preSolution
		HideSolutionNode = FALSE
	EndGlobalSection
	GlobalSection(ExtensibilityGlobals) = postSolution
		SolutionGuid = {F4D12A60-5A70-4DDF-91C4-DA742E0C98E9}
	EndGlobalSection
EndGlobal
